// !$*UTF8*$!
{
	archiveVersion = 1;
	classes = {
	};
	objectVersion = 46;
	objects = {

/* Begin PBXBuildFile section */
		5A0DE7255052E0818C2255BF /* Pods_work_test.framework in Frameworks */ = {isa = PBXBuildFile; fileRef = CF9DABB426AAF1AD0EB38FFA /* Pods_work_test.framework */; };
		AB6313361E98FDDD00540D3D /* extensions.swift in Sources */ = {isa = PBXBuildFile; fileRef = AB6313351E98FDDD00540D3D /* extensions.swift */; };
		AB63134B1E990E5A00540D3D /* User.swift in Sources */ = {isa = PBXBuildFile; fileRef = AB63134A1E990E5A00540D3D /* User.swift */; };
		AB6313511E99113000540D3D /* CustomImageView.swift in Sources */ = {isa = PBXBuildFile; fileRef = AB6313501E99113000540D3D /* CustomImageView.swift */; };
		AB6313531E99143600540D3D /* JSONParse.swift in Sources */ = {isa = PBXBuildFile; fileRef = AB6313521E99143600540D3D /* JSONParse.swift */; };
		AB7CBDB41EA95FD400E663DC /* WeatherCollectionViewController.swift in Sources */ = {isa = PBXBuildFile; fileRef = AB7CBDB31EA95FD400E663DC /* WeatherCollectionViewController.swift */; };
		AB84894D1EA6150200BEAC87 /* WeatherEditInfo.swift in Sources */ = {isa = PBXBuildFile; fileRef = AB84894C1EA6150200BEAC87 /* WeatherEditInfo.swift */; };
		AB84894F1EA61A3A00BEAC87 /* collectionViewController.swift in Sources */ = {isa = PBXBuildFile; fileRef = AB84894E1EA61A3A00BEAC87 /* collectionViewController.swift */; };
		AB8489511EA61AD100BEAC87 /* CollectionCell.swift in Sources */ = {isa = PBXBuildFile; fileRef = AB8489501EA61AD100BEAC87 /* CollectionCell.swift */; };
		AB8489531EA61C4200BEAC87 /* detailVC.swift in Sources */ = {isa = PBXBuildFile; fileRef = AB8489521EA61C4200BEAC87 /* detailVC.swift */; };
		AB8489551EA77F2A00BEAC87 /* CoreLocation.framework in Frameworks */ = {isa = PBXBuildFile; fileRef = AB8489541EA77F2A00BEAC87 /* CoreLocation.framework */; };
		ABD71F011E97E34100216CC9 /* AppDelegate.swift in Sources */ = {isa = PBXBuildFile; fileRef = ABD71F001E97E34100216CC9 /* AppDelegate.swift */; };
		ABD71F061E97E34100216CC9 /* Main.storyboard in Resources */ = {isa = PBXBuildFile; fileRef = ABD71F041E97E34100216CC9 /* Main.storyboard */; };
		ABD71F091E97E34100216CC9 /* work_test.xcdatamodeld in Sources */ = {isa = PBXBuildFile; fileRef = ABD71F071E97E34100216CC9 /* work_test.xcdatamodeld */; };
		ABD71F0B1E97E34100216CC9 /* Assets.xcassets in Resources */ = {isa = PBXBuildFile; fileRef = ABD71F0A1E97E34100216CC9 /* Assets.xcassets */; };
		ABD71F0E1E97E34100216CC9 /* LaunchScreen.storyboard in Resources */ = {isa = PBXBuildFile; fileRef = ABD71F0C1E97E34100216CC9 /* LaunchScreen.storyboard */; };
		ABD71F161E97F34500216CC9 /* LoginVC.swift in Sources */ = {isa = PBXBuildFile; fileRef = ABD71F151E97F34500216CC9 /* LoginVC.swift */; };
		ABD71F181E97F35500216CC9 /* SingInVC.swift in Sources */ = {isa = PBXBuildFile; fileRef = ABD71F171E97F35500216CC9 /* SingInVC.swift */; };
		ABD71F1A1E97F39600216CC9 /* ContinueViewController.swift in Sources */ = {isa = PBXBuildFile; fileRef = ABD71F191E97F39600216CC9 /* ContinueViewController.swift */; };
		ABD71F1C1E97F3C700216CC9 /* MainViewController.swift in Sources */ = {isa = PBXBuildFile; fileRef = ABD71F1B1E97F3C700216CC9 /* MainViewController.swift */; };
/* End PBXBuildFile section */

/* Begin PBXFileReference section */
		257774CC1F9CDC6F8BDC47BF /* Pods-work-test.release.xcconfig */ = {isa = PBXFileReference; includeInIndex = 1; lastKnownFileType = text.xcconfig; name = "Pods-work-test.release.xcconfig"; path = "Pods/Target Support Files/Pods-work-test/Pods-work-test.release.xcconfig"; sourceTree = "<group>"; };
		AB6313351E98FDDD00540D3D /* extensions.swift */ = {isa = PBXFileReference; fileEncoding = 4; lastKnownFileType = sourcecode.swift; path = extensions.swift; sourceTree = "<group>"; };
		AB63134A1E990E5A00540D3D /* User.swift */ = {isa = PBXFileReference; fileEncoding = 4; lastKnownFileType = sourcecode.swift; path = User.swift; sourceTree = "<group>"; };
		AB6313501E99113000540D3D /* CustomImageView.swift */ = {isa = PBXFileReference; fileEncoding = 4; lastKnownFileType = sourcecode.swift; path = CustomImageView.swift; sourceTree = "<group>"; };
		AB6313521E99143600540D3D /* JSONParse.swift */ = {isa = PBXFileReference; fileEncoding = 4; lastKnownFileType = sourcecode.swift; path = JSONParse.swift; sourceTree = "<group>"; };
		AB7CBDB31EA95FD400E663DC /* WeatherCollectionViewController.swift */ = {isa = PBXFileReference; fileEncoding = 4; lastKnownFileType = sourcecode.swift; path = WeatherCollectionViewController.swift; sourceTree = "<group>"; };
		AB84894C1EA6150200BEAC87 /* WeatherEditInfo.swift */ = {isa = PBXFileReference; fileEncoding = 4; lastKnownFileType = sourcecode.swift; path = WeatherEditInfo.swift; sourceTree = "<group>"; };
		AB84894E1EA61A3A00BEAC87 /* collectionViewController.swift */ = {isa = PBXFileReference; fileEncoding = 4; lastKnownFileType = sourcecode.swift; path = collectionViewController.swift; sourceTree = "<group>"; };
		AB8489501EA61AD100BEAC87 /* CollectionCell.swift */ = {isa = PBXFileReference; fileEncoding = 4; lastKnownFileType = sourcecode.swift; path = CollectionCell.swift; sourceTree = "<group>"; };
		AB8489521EA61C4200BEAC87 /* detailVC.swift */ = {isa = PBXFileReference; fileEncoding = 4; lastKnownFileType = sourcecode.swift; path = detailVC.swift; sourceTree = "<group>"; };
		AB8489541EA77F2A00BEAC87 /* CoreLocation.framework */ = {isa = PBXFileReference; lastKnownFileType = wrapper.framework; name = CoreLocation.framework; path = System/Library/Frameworks/CoreLocation.framework; sourceTree = SDKROOT; };
		ABD71EFD1E97E34100216CC9 /* work-test.app */ = {isa = PBXFileReference; explicitFileType = wrapper.application; includeInIndex = 0; path = "work-test.app"; sourceTree = BUILT_PRODUCTS_DIR; };
		ABD71F001E97E34100216CC9 /* AppDelegate.swift */ = {isa = PBXFileReference; lastKnownFileType = sourcecode.swift; path = AppDelegate.swift; sourceTree = "<group>"; };
		ABD71F051E97E34100216CC9 /* Base */ = {isa = PBXFileReference; lastKnownFileType = file.storyboard; name = Base; path = Base.lproj/Main.storyboard; sourceTree = "<group>"; };
		ABD71F081E97E34100216CC9 /* work_test.xcdatamodel */ = {isa = PBXFileReference; lastKnownFileType = wrapper.xcdatamodel; path = work_test.xcdatamodel; sourceTree = "<group>"; };
		ABD71F0A1E97E34100216CC9 /* Assets.xcassets */ = {isa = PBXFileReference; lastKnownFileType = folder.assetcatalog; path = Assets.xcassets; sourceTree = "<group>"; };
		ABD71F0D1E97E34100216CC9 /* Base */ = {isa = PBXFileReference; lastKnownFileType = file.storyboard; name = Base; path = Base.lproj/LaunchScreen.storyboard; sourceTree = "<group>"; };
		ABD71F0F1E97E34100216CC9 /* info.plist */ = {isa = PBXFileReference; lastKnownFileType = text.plist.xml; path = info.plist; sourceTree = "<group>"; };
		ABD71F151E97F34500216CC9 /* LoginVC.swift */ = {isa = PBXFileReference; fileEncoding = 4; lastKnownFileType = sourcecode.swift; path = LoginVC.swift; sourceTree = "<group>"; };
		ABD71F171E97F35500216CC9 /* SingInVC.swift */ = {isa = PBXFileReference; fileEncoding = 4; lastKnownFileType = sourcecode.swift; path = SingInVC.swift; sourceTree = "<group>"; };
		ABD71F191E97F39600216CC9 /* ContinueViewController.swift */ = {isa = PBXFileReference; fileEncoding = 4; lastKnownFileType = sourcecode.swift; path = ContinueViewController.swift; sourceTree = "<group>"; };
		ABD71F1B1E97F3C700216CC9 /* MainViewController.swift */ = {isa = PBXFileReference; fileEncoding = 4; lastKnownFileType = sourcecode.swift; path = MainViewController.swift; sourceTree = "<group>"; };
		CF9DABB426AAF1AD0EB38FFA /* Pods_work_test.framework */ = {isa = PBXFileReference; explicitFileType = wrapper.framework; includeInIndex = 0; path = Pods_work_test.framework; sourceTree = BUILT_PRODUCTS_DIR; };
		F979174807A49D42DD5D349B /* Pods-work-test.debug.xcconfig */ = {isa = PBXFileReference; includeInIndex = 1; lastKnownFileType = text.xcconfig; name = "Pods-work-test.debug.xcconfig"; path = "Pods/Target Support Files/Pods-work-test/Pods-work-test.debug.xcconfig"; sourceTree = "<group>"; };
/* End PBXFileReference section */

/* Begin PBXFrameworksBuildPhase section */
		ABD71EFA1E97E34100216CC9 /* Frameworks */ = {
			isa = PBXFrameworksBuildPhase;
			buildActionMask = 2147483647;
			files = (
				AB8489551EA77F2A00BEAC87 /* CoreLocation.framework in Frameworks */,
				5A0DE7255052E0818C2255BF /* Pods_work_test.framework in Frameworks */,
			);
			runOnlyForDeploymentPostprocessing = 0;
		};
/* End PBXFrameworksBuildPhase section */

/* Begin PBXGroup section */
		4E18170761A6F2B9B1639BDD /* Pods */ = {
			isa = PBXGroup;
			children = (
				F979174807A49D42DD5D349B /* Pods-work-test.debug.xcconfig */,
				257774CC1F9CDC6F8BDC47BF /* Pods-work-test.release.xcconfig */,
			);
			name = Pods;
			sourceTree = "<group>";
		};
		79B535B4867D8F972515D4CD /* Frameworks */ = {
			isa = PBXGroup;
			children = (
				AB8489541EA77F2A00BEAC87 /* CoreLocation.framework */,
				CF9DABB426AAF1AD0EB38FFA /* Pods_work_test.framework */,
			);
			name = Frameworks;
			sourceTree = "<group>";
		};
		AB6313281E98DF6D00540D3D /* CoreDataRegister */ = {
			isa = PBXGroup;
			children = (
				ABD71F151E97F34500216CC9 /* LoginVC.swift */,
				ABD71F171E97F35500216CC9 /* SingInVC.swift */,
				ABD71F191E97F39600216CC9 /* ContinueViewController.swift */,
				ABD71F1B1E97F3C700216CC9 /* MainViewController.swift */,
			);
			name = CoreDataRegister;
			sourceTree = "<group>";
		};
		AB6313541E99147A00540D3D /* Models */ = {
			isa = PBXGroup;
			children = (
				AB6313501E99113000540D3D /* CustomImageView.swift */,
				AB6313521E99143600540D3D /* JSONParse.swift */,
				AB63134A1E990E5A00540D3D /* User.swift */,
			);
			name = Models;
			sourceTree = "<group>";
		};
		AB7B01491E9AB56900C35D72 /* FeedTabView */ = {
			isa = PBXGroup;
			children = (
				AB84894C1EA6150200BEAC87 /* WeatherEditInfo.swift */,
				AB84894E1EA61A3A00BEAC87 /* collectionViewController.swift */,
				AB8489501EA61AD100BEAC87 /* CollectionCell.swift */,
				AB8489521EA61C4200BEAC87 /* detailVC.swift */,
				AB7CBDB31EA95FD400E663DC /* WeatherCollectionViewController.swift */,
			);
			name = FeedTabView;
			sourceTree = "<group>";
		};
		ABD71EF41E97E34000216CC9 = {
			isa = PBXGroup;
			children = (
				ABD71EFF1E97E34100216CC9 /* work-test */,
				ABD71EFE1E97E34100216CC9 /* Products */,
				4E18170761A6F2B9B1639BDD /* Pods */,
				79B535B4867D8F972515D4CD /* Frameworks */,
			);
			sourceTree = "<group>";
		};
		ABD71EFE1E97E34100216CC9 /* Products */ = {
			isa = PBXGroup;
			children = (
				ABD71EFD1E97E34100216CC9 /* work-test.app */,
			);
			name = Products;
			sourceTree = "<group>";
		};
		ABD71EFF1E97E34100216CC9 /* work-test */ = {
			isa = PBXGroup;
			children = (
				ABD71F001E97E34100216CC9 /* AppDelegate.swift */,
				AB7B01491E9AB56900C35D72 /* FeedTabView */,
				ABE409981E994A1000BF3E5D /* Views */,
				AB6313541E99147A00540D3D /* Models */,
				AB6313281E98DF6D00540D3D /* CoreDataRegister */,
				AB6313351E98FDDD00540D3D /* extensions.swift */,
				ABD71F041E97E34100216CC9 /* Main.storyboard */,
				ABD71F0A1E97E34100216CC9 /* Assets.xcassets */,
				ABD71F0C1E97E34100216CC9 /* LaunchScreen.storyboard */,
				ABD71F0F1E97E34100216CC9 /* info.plist */,
				ABD71F071E97E34100216CC9 /* work_test.xcdatamodeld */,
			);
			path = "work-test";
			sourceTree = "<group>";
		};
		ABE409981E994A1000BF3E5D /* Views */ = {
			isa = PBXGroup;
			children = (
			);
			name = Views;
			sourceTree = "<group>";
		};
/* End PBXGroup section */

/* Begin PBXNativeTarget section */
		ABD71EFC1E97E34100216CC9 /* work-test */ = {
			isa = PBXNativeTarget;
			buildConfigurationList = ABD71F121E97E34100216CC9 /* Build configuration list for PBXNativeTarget "work-test" */;
			buildPhases = (
				A2A87927EFDF9514C4FC2835 /* [CP] Check Pods Manifest.lock */,
				ABD71EF91E97E34100216CC9 /* Sources */,
				ABD71EFA1E97E34100216CC9 /* Frameworks */,
				ABD71EFB1E97E34100216CC9 /* Resources */,
				D0F40C6C2242681E83FF6AA5 /* [CP] Embed Pods Frameworks */,
				2A1E460A75A1D385AFA31A31 /* [CP] Copy Pods Resources */,
			);
			buildRules = (
			);
			dependencies = (
			);
			name = "work-test";
			productName = "work-test";
			productReference = ABD71EFD1E97E34100216CC9 /* work-test.app */;
			productType = "com.apple.product-type.application";
		};
/* End PBXNativeTarget section */

/* Begin PBXProject section */
		ABD71EF51E97E34000216CC9 /* Project object */ = {
			isa = PBXProject;
			attributes = {
				LastSwiftUpdateCheck = 0820;
				LastUpgradeCheck = 0820;
				ORGANIZATIONNAME = "Vlad Kovryzhenko";
				TargetAttributes = {
					ABD71EFC1E97E34100216CC9 = {
						CreatedOnToolsVersion = 8.2.1;
						DevelopmentTeam = G8S6X8B5D2;
						ProvisioningStyle = Automatic;
					};
				};
			};
			buildConfigurationList = ABD71EF81E97E34000216CC9 /* Build configuration list for PBXProject "work-test" */;
			compatibilityVersion = "Xcode 3.2";
			developmentRegion = English;
			hasScannedForEncodings = 0;
			knownRegions = (
				en,
				Base,
			);
			mainGroup = ABD71EF41E97E34000216CC9;
			productRefGroup = ABD71EFE1E97E34100216CC9 /* Products */;
			projectDirPath = "";
			projectRoot = "";
			targets = (
				ABD71EFC1E97E34100216CC9 /* work-test */,
			);
		};
/* End PBXProject section */

/* Begin PBXResourcesBuildPhase section */
		ABD71EFB1E97E34100216CC9 /* Resources */ = {
			isa = PBXResourcesBuildPhase;
			buildActionMask = 2147483647;
			files = (
				ABD71F0E1E97E34100216CC9 /* LaunchScreen.storyboard in Resources */,
				ABD71F0B1E97E34100216CC9 /* Assets.xcassets in Resources */,
				ABD71F061E97E34100216CC9 /* Main.storyboard in Resources */,
			);
			runOnlyForDeploymentPostprocessing = 0;
		};
/* End PBXResourcesBuildPhase section */

/* Begin PBXShellScriptBuildPhase section */
		2A1E460A75A1D385AFA31A31 /* [CP] Copy Pods Resources */ = {
			isa = PBXShellScriptBuildPhase;
			buildActionMask = 2147483647;
			files = (
			);
			inputPaths = (
			);
			name = "[CP] Copy Pods Resources";
			outputPaths = (
			);
			runOnlyForDeploymentPostprocessing = 0;
			shellPath = /bin/sh;
			shellScript = "\"${SRCROOT}/Pods/Target Support Files/Pods-work-test/Pods-work-test-resources.sh\"\n";
			showEnvVarsInLog = 0;
		};
		A2A87927EFDF9514C4FC2835 /* [CP] Check Pods Manifest.lock */ = {
			isa = PBXShellScriptBuildPhase;
			buildActionMask = 2147483647;
			files = (
			);
			inputPaths = (
			);
			name = "[CP] Check Pods Manifest.lock";
			outputPaths = (
			);
			runOnlyForDeploymentPostprocessing = 0;
			shellPath = /bin/sh;
			shellScript = "diff \"${PODS_ROOT}/../Podfile.lock\" \"${PODS_ROOT}/Manifest.lock\" > /dev/null\nif [ $? != 0 ] ; then\n    # print error to STDERR\n    echo \"error: The sandbox is not in sync with the Podfile.lock. Run 'pod install' or update your CocoaPods installation.\" >&2\n    exit 1\nfi\n";
			showEnvVarsInLog = 0;
		};
		D0F40C6C2242681E83FF6AA5 /* [CP] Embed Pods Frameworks */ = {
			isa = PBXShellScriptBuildPhase;
			buildActionMask = 2147483647;
			files = (
			);
			inputPaths = (
			);
			name = "[CP] Embed Pods Frameworks";
			outputPaths = (
			);
			runOnlyForDeploymentPostprocessing = 0;
			shellPath = /bin/sh;
			shellScript = "\"${SRCROOT}/Pods/Target Support Files/Pods-work-test/Pods-work-test-frameworks.sh\"\n";
			showEnvVarsInLog = 0;
		};
/* End PBXShellScriptBuildPhase section */

/* Begin PBXSourcesBuildPhase section */
		ABD71EF91E97E34100216CC9 /* Sources */ = {
			isa = PBXSourcesBuildPhase;
			buildActionMask = 2147483647;
			files = (
				AB6313511E99113000540D3D /* CustomImageView.swift in Sources */,
				ABD71F1C1E97F3C700216CC9 /* MainViewController.swift in Sources */,
				ABD71F091E97E34100216CC9 /* work_test.xcdatamodeld in Sources */,
				AB63134B1E990E5A00540D3D /* User.swift in Sources */,
				ABD71F181E97F35500216CC9 /* SingInVC.swift in Sources */,
				ABD71F161E97F34500216CC9 /* LoginVC.swift in Sources */,
				AB6313531E99143600540D3D /* JSONParse.swift in Sources */,
				AB8489531EA61C4200BEAC87 /* detailVC.swift in Sources */,
				AB84894F1EA61A3A00BEAC87 /* collectionViewController.swift in Sources */,
				AB6313361E98FDDD00540D3D /* extensions.swift in Sources */,
				ABD71F011E97E34100216CC9 /* AppDelegate.swift in Sources */,
				ABD71F1A1E97F39600216CC9 /* ContinueViewController.swift in Sources */,
				AB84894D1EA6150200BEAC87 /* WeatherEditInfo.swift in Sources */,
				AB8489511EA61AD100BEAC87 /* CollectionCell.swift in Sources */,
				AB7CBDB41EA95FD400E663DC /* WeatherCollectionViewController.swift in Sources */,
			);
			runOnlyForDeploymentPostprocessing = 0;
		};
/* End PBXSourcesBuildPhase section */

/* Begin PBXVariantGroup section */
		ABD71F041E97E34100216CC9 /* Main.storyboard */ = {
			isa = PBXVariantGroup;
			children = (
				ABD71F051E97E34100216CC9 /* Base */,
			);
			name = Main.storyboard;
			sourceTree = "<group>";
		};
		ABD71F0C1E97E34100216CC9 /* LaunchScreen.storyboard */ = {
			isa = PBXVariantGroup;
			children = (
				ABD71F0D1E97E34100216CC9 /* Base */,
			);
			name = LaunchScreen.storyboard;
			sourceTree = "<group>";
		};
/* End PBXVariantGroup section */

/* Begin XCBuildConfiguration section */
		ABD71F101E97E34100216CC9 /* Debug */ = {
			isa = XCBuildConfiguration;
			buildSettings = {
				ALWAYS_SEARCH_USER_PATHS = NO;
				CLANG_ANALYZER_NONNULL = YES;
				CLANG_CXX_LANGUAGE_STANDARD = "gnu++0x";
				CLANG_CXX_LIBRARY = "libc++";
				CLANG_ENABLE_MODULES = YES;
				CLANG_ENABLE_OBJC_ARC = YES;
				CLANG_WARN_BOOL_CONVERSION = YES;
				CLANG_WARN_CONSTANT_CONVERSION = YES;
				CLANG_WARN_DIRECT_OBJC_ISA_USAGE = YES_ERROR;
				CLANG_WARN_DOCUMENTATION_COMMENTS = YES;
				CLANG_WARN_EMPTY_BODY = YES;
				CLANG_WARN_ENUM_CONVERSION = YES;
				CLANG_WARN_INFINITE_RECURSION = YES;
				CLANG_WARN_INT_CONVERSION = YES;
				CLANG_WARN_OBJC_ROOT_CLASS = YES_ERROR;
				CLANG_WARN_SUSPICIOUS_MOVE = YES;
				CLANG_WARN_UNREACHABLE_CODE = YES;
				CLANG_WARN__DUPLICATE_METHOD_MATCH = YES;
				"CODE_SIGN_IDENTITY[sdk=iphoneos*]" = "iPhone Developer";
				COPY_PHASE_STRIP = NO;
				DEBUG_INFORMATION_FORMAT = dwarf;
				ENABLE_STRICT_OBJC_MSGSEND = YES;
				ENABLE_TESTABILITY = YES;
				GCC_C_LANGUAGE_STANDARD = gnu99;
				GCC_DYNAMIC_NO_PIC = NO;
				GCC_NO_COMMON_BLOCKS = YES;
				GCC_OPTIMIZATION_LEVEL = 0;
				GCC_PREPROCESSOR_DEFINITIONS = (
					"DEBUG=1",
					"$(inherited)",
				);
				GCC_WARN_64_TO_32_BIT_CONVERSION = YES;
				GCC_WARN_ABOUT_RETURN_TYPE = YES_ERROR;
				GCC_WARN_UNDECLARED_SELECTOR = YES;
				GCC_WARN_UNINITIALIZED_AUTOS = YES_AGGRESSIVE;
				GCC_WARN_UNUSED_FUNCTION = YES;
				GCC_WARN_UNUSED_VARIABLE = YES;
				IPHONEOS_DEPLOYMENT_TARGET = 10.2;
				MTL_ENABLE_DEBUG_INFO = YES;
				ONLY_ACTIVE_ARCH = YES;
				SDKROOT = iphoneos;
				SWIFT_ACTIVE_COMPILATION_CONDITIONS = DEBUG;
				SWIFT_OPTIMIZATION_LEVEL = "-Onone";
				TARGETED_DEVICE_FAMILY = "1,2";
			};
			name = Debug;
		};
		ABD71F111E97E34100216CC9 /* Release */ = {
			isa = XCBuildConfiguration;
			buildSettings = {
				ALWAYS_SEARCH_USER_PATHS = NO;
				CLANG_ANALYZER_NONNULL = YES;
				CLANG_CXX_LANGUAGE_STANDARD = "gnu++0x";
				CLANG_CXX_LIBRARY = "libc++";
				CLANG_ENABLE_MODULES = YES;
				CLANG_ENABLE_OBJC_ARC = YES;
				CLANG_WARN_BOOL_CONVERSION = YES;
				CLANG_WARN_CONSTANT_CONVERSION = YES;
				CLANG_WARN_DIRECT_OBJC_ISA_USAGE = YES_ERROR;
				CLANG_WARN_DOCUMENTATION_COMMENTS = YES;
				CLANG_WARN_EMPTY_BODY = YES;
				CLANG_WARN_ENUM_CONVERSION = YES;
				CLANG_WARN_INFINITE_RECURSION = YES;
				CLANG_WARN_INT_CONVERSION = YES;
				CLANG_WARN_OBJC_ROOT_CLASS = YES_ERROR;
				CLANG_WARN_SUSPICIOUS_MOVE = YES;
				CLANG_WARN_UNREACHABLE_CODE = YES;
				CLANG_WARN__DUPLICATE_METHOD_MATCH = YES;
				"CODE_SIGN_IDENTITY[sdk=iphoneos*]" = "iPhone Developer";
				COPY_PHASE_STRIP = NO;
				DEBUG_INFORMATION_FORMAT = "dwarf-with-dsym";
				ENABLE_NS_ASSERTIONS = NO;
				ENABLE_STRICT_OBJC_MSGSEND = YES;
				GCC_C_LANGUAGE_STANDARD = gnu99;
				GCC_NO_COMMON_BLOCKS = YES;
				GCC_WARN_64_TO_32_BIT_CONVERSION = YES;
				GCC_WARN_ABOUT_RETURN_TYPE = YES_ERROR;
				GCC_WARN_UNDECLARED_SELECTOR = YES;
				GCC_WARN_UNINITIALIZED_AUTOS = YES_AGGRESSIVE;
				GCC_WARN_UNUSED_FUNCTION = YES;
				GCC_WARN_UNUSED_VARIABLE = YES;
				IPHONEOS_DEPLOYMENT_TARGET = 10.2;
				MTL_ENABLE_DEBUG_INFO = NO;
				SDKROOT = iphoneos;
				SWIFT_OPTIMIZATION_LEVEL = "-Owholemodule";
				TARGETED_DEVICE_FAMILY = "1,2";
				VALIDATE_PRODUCT = YES;
			};
			name = Release;
		};
		ABD71F131E97E34100216CC9 /* Debug */ = {
			isa = XCBuildConfiguration;
			baseConfigurationReference = F979174807A49D42DD5D349B /* Pods-work-test.debug.xcconfig */;
			buildSettings = {
				ASSETCATALOG_COMPILER_APPICON_NAME = AppIcon;
				DEVELOPMENT_TEAM = G8S6X8B5D2;
				INFOPLIST_FILE = "work-test/Info.plist";
				LD_RUNPATH_SEARCH_PATHS = "$(inherited) @executable_path/Frameworks";
				PRODUCT_BUNDLE_IDENTIFIER = "whatever.work-test";
				PRODUCT_NAME = "$(TARGET_NAME)";
				SWIFT_VERSION = 3.0;
			};
			name = Debug;
		};
		ABD71F141E97E34100216CC9 /* Release */ = {
			isa = XCBuildConfiguration;
			baseConfigurationReference = 257774CC1F9CDC6F8BDC47BF /* Pods-work-test.release.xcconfig */;
			buildSettings = {
				ASSETCATALOG_COMPILER_APPICON_NAME = AppIcon;
				DEVELOPMENT_TEAM = G8S6X8B5D2;
				INFOPLIST_FILE = "work-test/Info.plist";
				LD_RUNPATH_SEARCH_PATHS = "$(inherited) @executable_path/Frameworks";
				PRODUCT_BUNDLE_IDENTIFIER = "whatever.work-test";
				PRODUCT_NAME = "$(TARGET_NAME)";
				SWIFT_VERSION = 3.0;
			};
			name = Release;
		};
/* End XCBuildConfiguration section */

/* Begin XCConfigurationList section */
		ABD71EF81E97E34000216CC9 /* Build configuration list for PBXProject "work-test" */ = {
			isa = XCConfigurationList;
			buildConfigurations = (
				ABD71F101E97E34100216CC9 /* Debug */,
				ABD71F111E97E34100216CC9 /* Release */,
			);
			defaultConfigurationIsVisible = 0;
			defaultConfigurationName = Release;
		};
		ABD71F121E97E34100216CC9 /* Build configuration list for PBXNativeTarget "work-test" */ = {
			isa = XCConfigurationList;
			buildConfigurations = (
				ABD71F131E97E34100216CC9 /* Debug */,
				ABD71F141E97E34100216CC9 /* Release */,
			);
			defaultConfigurationIsVisible = 0;
			defaultConfigurationName = Release;
		};
/* End XCConfigurationList section */

/* Begin XCVersionGroup section */
		ABD71F071E97E34100216CC9 /* work_test.xcdatamodeld */ = {
			isa = XCVersionGroup;
			children = (
				ABD71F081E97E34100216CC9 /* work_test.xcdatamodel */,
			);
			currentVersion = ABD71F081E97E34100216CC9 /* work_test.xcdatamodel */;
			path = work_test.xcdatamodeld;
			sourceTree = "<group>";
			versionGroupType = wrapper.xcdatamodel;
		};
/* End XCVersionGroup section */
	};
	rootObject = ABD71EF51E97E34000216CC9 /* Project object */;
}
